
Microsoft Visual Studio Solution File, Format Version 12.00
# Visual Studio Version 16
VisualStudioVersion = 16.0.28917.181
MinimumVisualStudioVersion = 10.0.40219.1
Project("{9A19103F-16F7-4668-BE54-9A1E7A4F7556}") = "2 Char occurence counter", "2 Char occurence counter\2 Char occurence counter.csproj", "{3FE738BB-966F-4128-A27B-212AFD870188}"
EndProject
Project("{9A19103F-16F7-4668-BE54-9A1E7A4F7556}") = "3 Like", "3 Like\3 Like.csproj", "{F3C95697-8DBD-4CDF-95F2-8410DA46FF6F}"
EndProject
Project("{9A19103F-16F7-4668-BE54-9A1E7A4F7556}") = "4 HoHoHo", "4 HoHoHo\4 HoHoHo.csproj", "{A23E7834-C2F0-4FF2-98A7-77D841A0B306}"
EndProject
Project("{9A19103F-16F7-4668-BE54-9A1E7A4F7556}") = "1 Middle characters", "..\..\GIT UPLOAD\Strings Advanced\1 Middle Character\1 Middle characters.csproj", "{B2183BAF-FBAF-479F-B818-268D18B741BA}"
EndProject
Global
	GlobalSection(SolutionConfigurationPlatforms) = preSolution
		Debug|Any CPU = Debug|Any CPU
		Release|Any CPU = Release|Any CPU
	EndGlobalSection
	GlobalSection(ProjectConfigurationPlatforms) = postSolution
		{3FE738BB-966F-4128-A27B-212AFD870188}.Debug|Any CPU.ActiveCfg = Debug|Any CPU
		{3FE738BB-966F-4128-A27B-212AFD870188}.Debug|Any CPU.Build.0 = Debug|Any CPU
		{3FE738BB-966F-4128-A27B-212AFD870188}.Release|Any CPU.ActiveCfg = Release|Any CPU
		{3FE738BB-966F-4128-A27B-212AFD870188}.Release|Any CPU.Build.0 = Release|Any CPU
		{F3C95697-8DBD-4CDF-95F2-8410DA46FF6F}.Debug|Any CPU.ActiveCfg = Debug|Any CPU
		{F3C95697-8DBD-4CDF-95F2-8410DA46FF6F}.Debug|Any CPU.Build.0 = Debug|Any CPU
		{F3C95697-8DBD-4CDF-95F2-8410DA46FF6F}.Release|Any CPU.ActiveCfg = Release|Any CPU
		{F3C95697-8DBD-4CDF-95F2-8410DA46FF6F}.Release|Any CPU.Build.0 = Release|Any CPU
		{A23E7834-C2F0-4FF2-98A7-77D841A0B306}.Debug|Any CPU.ActiveCfg = Debug|Any CPU
		{A23E7834-C2F0-4FF2-98A7-77D841A0B306}.Debug|Any CPU.Build.0 = Debug|Any CPU
		{A23E7834-C2F0-4FF2-98A7-77D841A0B306}.Release|Any CPU.ActiveCfg = Release|Any CPU
		{A23E7834-C2F0-4FF2-98A7-77D841A0B306}.Release|Any CPU.Build.0 = Release|Any CPU
		{B2183BAF-FBAF-479F-B818-268D18B741BA}.Debug|Any CPU.ActiveCfg = Debug|Any CPU
		{B2183BAF-FBAF-479F-B818-268D18B741BA}.Debug|Any CPU.Build.0 = Debug|Any CPU
		{B2183BAF-FBAF-479F-B818-268D18B741BA}.Release|Any CPU.ActiveCfg = Release|Any CPU
		{B2183BAF-FBAF-479F-B818-268D18B741BA}.Release|Any CPU.Build.0 = Release|Any CPU
	EndGlobalSection
	GlobalSection(SolutionProperties) = preSolution
		HideSolutionNode = FALSE
	EndGlobalSection
	GlobalSection(ExtensibilityGlobals) = postSolution
		SolutionGuid = {5B2AF418-B93E-4883-B5F4-A1CB4B739D60}
	EndGlobalSection
EndGlobal
